
Microsoft Visual Studio Solution File, Format Version 12.00
# Visual Studio Version 17
VisualStudioVersion = 17.0.31903.59
MinimumVisualStudioVersion = 10.0.40219.1
Project("{FAE04EC0-301F-11D3-BF4B-00C04F79EFBC}") = "HamBusLog", "HamBusLog.csproj", "{B2E891C2-4AC9-49F6-A2EF-73233328180D}"
EndProject
Project("{FAE04EC0-301F-11D3-BF4B-00C04F79EFBC}") = "Wa1gonLib", "Wa1gonLib\Wa1gonLib.csproj", "{5A881584-BF03-45DF-A197-E9756D489300}"
EndProject
Project("{FAE04EC0-301F-11D3-BF4B-00C04F79EFBC}") = "Wa1gonLib.Tests", "Wa1gonLib.Tests\Wa1gonLib.Tests.csproj", "{D889A8E9-94BE-42A3-9B66-8D10DD5670CD}"
EndProject
Project("{FAE04EC0-301F-11D3-BF4B-00C04F79EFBC}") = "HamBusLog.Tests", "HamBusLog.Tests\HamBusLog.Tests.csproj", "{A7B52C2D-6E4A-4A59-903C-3CA2A8A15F52}"
EndProject
Global
	GlobalSection(SolutionConfigurationPlatforms) = preSolution
		Debug|Any CPU = Debug|Any CPU
		Debug|x64 = Debug|x64
		Debug|x86 = Debug|x86
		Release|Any CPU = Release|Any CPU
		Release|x64 = Release|x64
		Release|x86 = Release|x86
	EndGlobalSection
	GlobalSection(ProjectConfigurationPlatforms) = postSolution
		{B2E891C2-4AC9-49F6-A2EF-73233328180D}.Debug|Any CPU.ActiveCfg = Debug|Any CPU
		{B2E891C2-4AC9-49F6-A2EF-73233328180D}.Debug|Any CPU.Build.0 = Debug|Any CPU
		{B2E891C2-4AC9-49F6-A2EF-73233328180D}.Debug|x64.ActiveCfg = Debug|Any CPU
		{B2E891C2-4AC9-49F6-A2EF-73233328180D}.Debug|x64.Build.0 = Debug|Any CPU
		{B2E891C2-4AC9-49F6-A2EF-73233328180D}.Debug|x86.ActiveCfg = Debug|Any CPU
		{B2E891C2-4AC9-49F6-A2EF-73233328180D}.Debug|x86.Build.0 = Debug|Any CPU
		{B2E891C2-4AC9-49F6-A2EF-73233328180D}.Release|Any CPU.ActiveCfg = Release|Any CPU
		{B2E891C2-4AC9-49F6-A2EF-73233328180D}.Release|Any CPU.Build.0 = Release|Any CPU
		{B2E891C2-4AC9-49F6-A2EF-73233328180D}.Release|x64.ActiveCfg = Release|Any CPU
		{B2E891C2-4AC9-49F6-A2EF-73233328180D}.Release|x64.Build.0 = Release|Any CPU
		{B2E891C2-4AC9-49F6-A2EF-73233328180D}.Release|x86.ActiveCfg = Release|Any CPU
		{B2E891C2-4AC9-49F6-A2EF-73233328180D}.Release|x86.Build.0 = Release|Any CPU
		{5A881584-BF03-45DF-A197-E9756D489300}.Debug|Any CPU.ActiveCfg = Debug|Any CPU
		{5A881584-BF03-45DF-A197-E9756D489300}.Debug|Any CPU.Build.0 = Debug|Any CPU
		{5A881584-BF03-45DF-A197-E9756D489300}.Debug|x64.ActiveCfg = Debug|Any CPU
		{5A881584-BF03-45DF-A197-E9756D489300}.Debug|x64.Build.0 = Debug|Any CPU
		{5A881584-BF03-45DF-A197-E9756D489300}.Debug|x86.ActiveCfg = Debug|Any CPU
		{5A881584-BF03-45DF-A197-E9756D489300}.Debug|x86.Build.0 = Debug|Any CPU
		{5A881584-BF03-45DF-A197-E9756D489300}.Release|Any CPU.ActiveCfg = Release|Any CPU
		{5A881584-BF03-45DF-A197-E9756D489300}.Release|Any CPU.Build.0 = Release|Any CPU
		{5A881584-BF03-45DF-A197-E9756D489300}.Release|x64.ActiveCfg = Release|Any CPU
		{5A881584-BF03-45DF-A197-E9756D489300}.Release|x64.Build.0 = Release|Any CPU
		{5A881584-BF03-45DF-A197-E9756D489300}.Release|x86.ActiveCfg = Release|Any CPU
		{5A881584-BF03-45DF-A197-E9756D489300}.Release|x86.Build.0 = Release|Any CPU
		{D889A8E9-94BE-42A3-9B66-8D10DD5670CD}.Debug|Any CPU.ActiveCfg = Debug|Any CPU
		{D889A8E9-94BE-42A3-9B66-8D10DD5670CD}.Debug|Any CPU.Build.0 = Debug|Any CPU
		{D889A8E9-94BE-42A3-9B66-8D10DD5670CD}.Debug|x64.ActiveCfg = Debug|Any CPU
		{D889A8E9-94BE-42A3-9B66-8D10DD5670CD}.Debug|x64.Build.0 = Debug|Any CPU
		{D889A8E9-94BE-42A3-9B66-8D10DD5670CD}.Debug|x86.ActiveCfg = Debug|Any CPU
		{D889A8E9-94BE-42A3-9B66-8D10DD5670CD}.Debug|x86.Build.0 = Debug|Any CPU
		{D889A8E9-94BE-42A3-9B66-8D10DD5670CD}.Release|Any CPU.ActiveCfg = Release|Any CPU
		{D889A8E9-94BE-42A3-9B66-8D10DD5670CD}.Release|Any CPU.Build.0 = Release|Any CPU
		{D889A8E9-94BE-42A3-9B66-8D10DD5670CD}.Release|x64.ActiveCfg = Release|Any CPU
		{D889A8E9-94BE-42A3-9B66-8D10DD5670CD}.Release|x64.Build.0 = Release|Any CPU
		{D889A8E9-94BE-42A3-9B66-8D10DD5670CD}.Release|x86.ActiveCfg = Release|Any CPU
		{D889A8E9-94BE-42A3-9B66-8D10DD5670CD}.Release|x86.Build.0 = Release|Any CPU
		{A7B52C2D-6E4A-4A59-903C-3CA2A8A15F52}.Debug|Any CPU.ActiveCfg = Debug|Any CPU
		{A7B52C2D-6E4A-4A59-903C-3CA2A8A15F52}.Debug|Any CPU.Build.0 = Debug|Any CPU
		{A7B52C2D-6E4A-4A59-903C-3CA2A8A15F52}.Debug|x64.ActiveCfg = Debug|Any CPU
		{A7B52C2D-6E4A-4A59-903C-3CA2A8A15F52}.Debug|x64.Build.0 = Debug|Any CPU
		{A7B52C2D-6E4A-4A59-903C-3CA2A8A15F52}.Debug|x86.ActiveCfg = Debug|Any CPU
		{A7B52C2D-6E4A-4A59-903C-3CA2A8A15F52}.Debug|x86.Build.0 = Debug|Any CPU
		{A7B52C2D-6E4A-4A59-903C-3CA2A8A15F52}.Release|Any CPU.ActiveCfg = Release|Any CPU
		{A7B52C2D-6E4A-4A59-903C-3CA2A8A15F52}.Release|Any CPU.Build.0 = Release|Any CPU
		{A7B52C2D-6E4A-4A59-903C-3CA2A8A15F52}.Release|x64.ActiveCfg = Release|Any CPU
		{A7B52C2D-6E4A-4A59-903C-3CA2A8A15F52}.Release|x64.Build.0 = Release|Any CPU
		{A7B52C2D-6E4A-4A59-903C-3CA2A8A15F52}.Release|x86.ActiveCfg = Release|Any CPU
		{A7B52C2D-6E4A-4A59-903C-3CA2A8A15F52}.Release|x86.Build.0 = Release|Any CPU
	EndGlobalSection
	GlobalSection(SolutionProperties) = preSolution
		HideSolutionNode = FALSE
	EndGlobalSection
EndGlobal
